
Microsoft Visual Studio Solution File, Format Version 12.00
# Visual Studio Version 17
VisualStudioVersion = 17.7.34031.279
MinimumVisualStudioVersion = 10.0.40219.1
Project("{FAE04EC0-301F-11D3-BF4B-00C04F79EFBC}") = "TransactionStatusManager", "TransactionStatusManager\TransactionStatusManager.csproj", "{424D0522-7C8C-4AE2-9955-FA557F534CFF}"
EndProject
Project("{FAE04EC0-301F-11D3-BF4B-00C04F79EFBC}") = "Presenstance", "Presenstance\Presenstance.csproj", "{CCD85EA1-7F6C-4E4F-BA74-CD74236F6516}"
EndProject
Global
	GlobalSection(SolutionConfigurationPlatforms) = preSolution
		Debug|Any CPU = Debug|Any CPU
		Release|Any CPU = Release|Any CPU
	EndGlobalSection
	GlobalSection(ProjectConfigurationPlatforms) = postSolution
		{424D0522-7C8C-4AE2-9955-FA557F534CFF}.Debug|Any CPU.ActiveCfg = Debug|Any CPU
		{424D0522-7C8C-4AE2-9955-FA557F534CFF}.Debug|Any CPU.Build.0 = Debug|Any CPU
		{424D0522-7C8C-4AE2-9955-FA557F534CFF}.Release|Any CPU.ActiveCfg = Release|Any CPU
		{424D0522-7C8C-4AE2-9955-FA557F534CFF}.Release|Any CPU.Build.0 = Release|Any CPU
		{CCD85EA1-7F6C-4E4F-BA74-CD74236F6516}.Debug|Any CPU.ActiveCfg = Debug|Any CPU
		{CCD85EA1-7F6C-4E4F-BA74-CD74236F6516}.Debug|Any CPU.Build.0 = Debug|Any CPU
		{CCD85EA1-7F6C-4E4F-BA74-CD74236F6516}.Release|Any CPU.ActiveCfg = Release|Any CPU
		{CCD85EA1-7F6C-4E4F-BA74-CD74236F6516}.Release|Any CPU.Build.0 = Release|Any CPU
	EndGlobalSection
	GlobalSection(SolutionProperties) = preSolution
		HideSolutionNode = FALSE
	EndGlobalSection
	GlobalSection(ExtensibilityGlobals) = postSolution
		SolutionGuid = {12E4875F-C88E-4720-B67B-E807A55EB456}
	EndGlobalSection
EndGlobal
